
Microsoft Visual Studio Solution File, Format Version 12.00
# Visual Studio 15
VisualStudioVersion = 15.0.28010.2046
MinimumVisualStudioVersion = 10.0.40219.1
Project("{9A19103F-16F7-4668-BE54-9A1E7A4F7556}") = "CourseworkWebApp", "CourseworkWebApp\CourseworkWebApp.csproj", "{D581507F-CFA0-4C7E-B00E-590CA3154465}"
EndProject
Global
	GlobalSection(SolutionConfigurationPlatforms) = preSolution
		Debug|Any CPU = Debug|Any CPU
		Release|Any CPU = Release|Any CPU
	EndGlobalSection
	GlobalSection(ProjectConfigurationPlatforms) = postSolution
		{D581507F-CFA0-4C7E-B00E-590CA3154465}.Debug|Any CPU.ActiveCfg = Debug|Any CPU
		{D581507F-CFA0-4C7E-B00E-590CA3154465}.Debug|Any CPU.Build.0 = Debug|Any CPU
		{D581507F-CFA0-4C7E-B00E-590CA3154465}.Release|Any CPU.ActiveCfg = Release|Any CPU
		{D581507F-CFA0-4C7E-B00E-590CA3154465}.Release|Any CPU.Build.0 = Release|Any CPU
	EndGlobalSection
	GlobalSection(SolutionProperties) = preSolution
		HideSolutionNode = FALSE
	EndGlobalSection
	GlobalSection(ExtensibilityGlobals) = postSolution
		SolutionGuid = {E0537964-BB02-4E11-943E-19DC2A6ADDB8}
	EndGlobalSection
EndGlobal
